
Microsoft Visual Studio Solution File, Format Version 11.00
# Visual Studio 2010
Project("{FAE04EC0-301F-11D3-BF4B-00C04F79EFBC}") = "timeout", "timeout\timeout.csproj", "{F1409726-18BB-4B56-99E1-A390FAE0F008}"
EndProject
Global
	GlobalSection(TeamFoundationVersionControl) = preSolution
		SccNumberOfProjects = 2
		SccEnterpriseProvider = {4CA58AB2-18FA-4F8D-95D4-32DDF27D184C}
		SccTeamFoundationServer = http://tfs:8080/
		SccLocalPath0 = .
		SccProjectUniqueName1 = timeout\\timeout.csproj
		SccProjectName1 = timeout
		SccLocalPath1 = timeout
	EndGlobalSection
	GlobalSection(SolutionConfigurationPlatforms) = preSolution
		Debug|Any CPU = Debug|Any CPU
		Debug|x86 = Debug|x86
		Release|Any CPU = Release|Any CPU
		Release|x86 = Release|x86
	EndGlobalSection
	GlobalSection(ProjectConfigurationPlatforms) = postSolution
		{F1409726-18BB-4B56-99E1-A390FAE0F008}.Debug|Any CPU.ActiveCfg = Release|Any CPU
		{F1409726-18BB-4B56-99E1-A390FAE0F008}.Debug|Any CPU.Build.0 = Release|Any CPU
		{F1409726-18BB-4B56-99E1-A390FAE0F008}.Debug|x86.ActiveCfg = Debug|Any CPU
		{F1409726-18BB-4B56-99E1-A390FAE0F008}.Release|Any CPU.ActiveCfg = Release|Any CPU
		{F1409726-18BB-4B56-99E1-A390FAE0F008}.Release|Any CPU.Build.0 = Release|Any CPU
		{F1409726-18BB-4B56-99E1-A390FAE0F008}.Release|x86.ActiveCfg = Release|Any CPU
	EndGlobalSection
	GlobalSection(SolutionProperties) = preSolution
		HideSolutionNode = FALSE
	EndGlobalSection
EndGlobal
